
Microsoft Visual Studio Solution File, Format Version 12.00
# Visual Studio Version 17
VisualStudioVersion = 17.6.33723.286
MinimumVisualStudioVersion = 10.0.40219.1
Project("{8BC9CEB8-8B4A-11D0-8D11-00A0C91BC942}") = "服务核心", "公共组件\服务核心\ServiceCore.vcxproj", "{B1320037-89DD-4F99-A628-69DC200DFA05}"
EndProject
Project("{8BC9CEB8-8B4A-11D0-8D11-00A0C91BC942}") = "协调服务器", "服务器组件\协调服务器\Correspond.vcxproj", "{0167D883-34DA-47FC-A903-6BE341FD8DC5}"
	ProjectSection(ProjectDependencies) = postProject
		{B1320037-89DD-4F99-A628-69DC200DFA05} = {B1320037-89DD-4F99-A628-69DC200DFA05}
	EndProjectSection
EndProject
Project("{8BC9CEB8-8B4A-11D0-8D11-00A0C91BC942}") = "登录服务器", "服务器组件\登录服务器\LogonServer.vcxproj", "{CD826B8C-89BD-44AF-A1DE-0A91494CD763}"
	ProjectSection(ProjectDependencies) = postProject
		{B1320037-89DD-4F99-A628-69DC200DFA05} = {B1320037-89DD-4F99-A628-69DC200DFA05}
	EndProjectSection
EndProject
Project("{8BC9CEB8-8B4A-11D0-8D11-00A0C91BC942}") = "模块管理", "服务器组件\模块管理\ModuleManager.vcxproj", "{ED28DEC3-BBC7-43FA-998B-11DCFAA69CEF}"
	ProjectSection(ProjectDependencies) = postProject
		{B1320037-89DD-4F99-A628-69DC200DFA05} = {B1320037-89DD-4F99-A628-69DC200DFA05}
	EndProjectSection
EndProject
Project("{8BC9CEB8-8B4A-11D0-8D11-00A0C91BC942}") = "游戏服务", "服务器组件\游戏服务\GameService.vcxproj", "{07F0CF5A-4D5D-4DBB-A723-4DF612C3AB33}"
	ProjectSection(ProjectDependencies) = postProject
		{B1320037-89DD-4F99-A628-69DC200DFA05} = {B1320037-89DD-4F99-A628-69DC200DFA05}
	EndProjectSection
EndProject
Project("{8BC9CEB8-8B4A-11D0-8D11-00A0C91BC942}") = "游戏服务器", "服务器组件\游戏服务器\GameServer.vcxproj", "{267C213B-3F02-4627-8734-E361A61C83F9}"
	ProjectSection(ProjectDependencies) = postProject
		{1DA6CD23-9AFD-426B-B9CC-65AC90E977AA} = {1DA6CD23-9AFD-426B-B9CC-65AC90E977AA}
		{B1320037-89DD-4F99-A628-69DC200DFA05} = {B1320037-89DD-4F99-A628-69DC200DFA05}
		{07F0CF5A-4D5D-4DBB-A723-4DF612C3AB33} = {07F0CF5A-4D5D-4DBB-A723-4DF612C3AB33}
		{ED28DEC3-BBC7-43FA-998B-11DCFAA69CEF} = {ED28DEC3-BBC7-43FA-998B-11DCFAA69CEF}
	EndProjectSection
EndProject
Project("{8BC9CEB8-8B4A-11D0-8D11-00A0C91BC942}") = "比赛服务", "服务器组件\比赛服务\GameMatchServer.vcxproj", "{CA071FF5-97BF-42C3-99AF-FE8F8A0F0AF2}"
	ProjectSection(ProjectDependencies) = postProject
		{B1320037-89DD-4F99-A628-69DC200DFA05} = {B1320037-89DD-4F99-A628-69DC200DFA05}
		{07F0CF5A-4D5D-4DBB-A723-4DF612C3AB33} = {07F0CF5A-4D5D-4DBB-A723-4DF612C3AB33}
		{ED28DEC3-BBC7-43FA-998B-11DCFAA69CEF} = {ED28DEC3-BBC7-43FA-998B-11DCFAA69CEF}
	EndProjectSection
EndProject
Project("{8BC9CEB8-8B4A-11D0-8D11-00A0C91BC942}") = "聊天服务器", "服务器组件\聊天服务器\ChatServer.vcxproj", "{09ED82CF-F62F-4995-9677-20F117E10065}"
	ProjectSection(ProjectDependencies) = postProject
		{B1320037-89DD-4F99-A628-69DC200DFA05} = {B1320037-89DD-4F99-A628-69DC200DFA05}
	EndProjectSection
EndProject
Project("{8BC9CEB8-8B4A-11D0-8D11-00A0C91BC942}") = "接入服务器", "服务器组件\接入服务器\AccessServer.vcxproj", "{5045510A-B2A7-4CAC-8087-0B725B0F61E5}"
	ProjectSection(ProjectDependencies) = postProject
		{B1320037-89DD-4F99-A628-69DC200DFA05} = {B1320037-89DD-4F99-A628-69DC200DFA05}
	EndProjectSection
EndProject
Project("{8BC9CEB8-8B4A-11D0-8D11-00A0C91BC942}") = "日志服务器", "服务器组件\日志服务器\LogServer.vcxproj", "{D78B795C-1733-4948-ACDF-F23C77BAD79D}"
	ProjectSection(ProjectDependencies) = postProject
		{B1320037-89DD-4F99-A628-69DC200DFA05} = {B1320037-89DD-4F99-A628-69DC200DFA05}
	EndProjectSection
EndProject
Project("{8BC9CEB8-8B4A-11D0-8D11-00A0C91BC942}") = "约战服务", "服务器组件\约战服务\PersonalRoomServer.vcxproj", "{5A239631-3054-4AFD-9788-AAC792B43491}"
	ProjectSection(ProjectDependencies) = postProject
		{B1320037-89DD-4F99-A628-69DC200DFA05} = {B1320037-89DD-4F99-A628-69DC200DFA05}
	EndProjectSection
EndProject
Project("{8BC9CEB8-8B4A-11D0-8D11-00A0C91BC942}") = "约战服务器", "服务器组件\约战服务器\PersonalRoomCorrespond.vcxproj", "{ECEFD512-1335-4597-8326-4BBEFFC429DA}"
	ProjectSection(ProjectDependencies) = postProject
		{B1320037-89DD-4F99-A628-69DC200DFA05} = {B1320037-89DD-4F99-A628-69DC200DFA05}
	EndProjectSection
EndProject
Project("{8BC9CEB8-8B4A-11D0-8D11-00A0C91BC942}") = "共享库存服务", "服务器组件\共享库存服务\ShareStorageService.vcxproj", "{1DA6CD23-9AFD-426B-B9CC-65AC90E977AA}"
	ProjectSection(ProjectDependencies) = postProject
		{B1320037-89DD-4F99-A628-69DC200DFA05} = {B1320037-89DD-4F99-A628-69DC200DFA05}
		{07F0CF5A-4D5D-4DBB-A723-4DF612C3AB33} = {07F0CF5A-4D5D-4DBB-A723-4DF612C3AB33}
	EndProjectSection
EndProject
Project("{8BC9CEB8-8B4A-11D0-8D11-00A0C91BC942}") = "大联盟机器人", "服务器组件\大联盟机器人\AndroidDitribute.vcxproj", "{EA1214A9-98A7-4951-9402-FCC51AED5F70}"
EndProject
Project("{8BC9CEB8-8B4A-11D0-8D11-00A0C91BC942}") = "内核引擎", "服务器组件\内核引擎\KernelEngine.vcxproj", "{D2DCD2DF-F137-4E5E-90CE-6DB4553C1DA9}"
EndProject
Project("{8BC9CEB8-8B4A-11D0-8D11-00A0C91BC942}") = "管理工具", "客户端组件\管理工具\ManageTools.vcxproj", "{AF49DFFD-106F-45D9-87B6-9E4D3A72CB5F}"
EndProject
Project("{8BC9CEB8-8B4A-11D0-8D11-00A0C91BC942}") = "界面控件", "客户端组件\界面控件\SkinControl.vcxproj", "{10AC72C9-82A7-4C08-8FF2-27730D76518D}"
EndProject
Project("{8BC9CEB8-8B4A-11D0-8D11-00A0C91BC942}") = "平台数据", "客户端组件\平台数据\PlatformData.vcxproj", "{CC596332-197E-407B-95F3-CB817470ED84}"
EndProject
Project("{8BC9CEB8-8B4A-11D0-8D11-00A0C91BC942}") = "平台资源", "客户端组件\平台资源\PlatformResource.vcxproj", "{1C61C04D-78D3-4946-A446-099F68F9E4C6}"
EndProject
Project("{8BC9CEB8-8B4A-11D0-8D11-00A0C91BC942}") = "图像控件", "客户端组件\图像控件\WHImage.vcxproj", "{A8E64F0B-3137-4993-A512-22CC787F7627}"
EndProject
Project("{8BC9CEB8-8B4A-11D0-8D11-00A0C91BC942}") = "图形工厂", "客户端组件\图形工厂\FGuimfcFactory.vcxproj", "{114CBDD7-613F-4BFE-97AF-9460CC1148ED}"
EndProject
Project("{8BC9CEB8-8B4A-11D0-8D11-00A0C91BC942}") = "网络服务", "客户端组件\网络服务\WHSocket.vcxproj", "{A90EA9DE-DC81-4151-B19D-1DF88D5B189E}"
EndProject
Project("{8BC9CEB8-8B4A-11D0-8D11-00A0C91BC942}") = "下载组件", "客户端组件\下载组件\DownLoad.vcxproj", "{44CBB750-E895-4BDB-8A7A-5B8F009AABDE}"
EndProject
Project("{8BC9CEB8-8B4A-11D0-8D11-00A0C91BC942}") = "形象组件", "客户端组件\形象组件\AvatarControl.vcxproj", "{6D2C97FD-5E1A-4489-90F8-EA0BC53486E0}"
EndProject
Project("{8BC9CEB8-8B4A-11D0-8D11-00A0C91BC942}") = "用户服务", "客户端组件\用户服务\UserService.vcxproj", "{E8BB4ED2-44D1-4541-A6B4-C05C201FB856}"
EndProject
Project("{8BC9CEB8-8B4A-11D0-8D11-00A0C91BC942}") = "游戏道具", "客户端组件\游戏道具\GameProperty.vcxproj", "{4A3E5E93-A227-426F-8E6F-F588B9CA87B5}"
EndProject
Project("{8BC9CEB8-8B4A-11D0-8D11-00A0C91BC942}") = "游戏控件", "客户端组件\游戏控件\ShareControl.vcxproj", "{AC6A2927-5746-4A84-9E30-DFFE0722833B}"
EndProject
Global
	GlobalSection(SolutionConfigurationPlatforms) = preSolution
		Debug_Unicode|Any CPU = Debug_Unicode|Any CPU
		Debug_Unicode|Win32 = Debug_Unicode|Win32
		Debug|Any CPU = Debug|Any CPU
		Debug|Win32 = Debug|Win32
		DebugVD|Any CPU = DebugVD|Any CPU
		DebugVD|Win32 = DebugVD|Win32
		Release_Manager|Any CPU = Release_Manager|Any CPU
		Release_Manager|Win32 = Release_Manager|Win32
		Release_Unicode|Any CPU = Release_Unicode|Any CPU
		Release_Unicode|Win32 = Release_Unicode|Win32
		Release|Any CPU = Release|Any CPU
		Release|Win32 = Release|Win32
		ReleaseVD|Any CPU = ReleaseVD|Any CPU
		ReleaseVD|Win32 = ReleaseVD|Win32
	EndGlobalSection
	GlobalSection(ProjectConfigurationPlatforms) = postSolution
		{B1320037-89DD-4F99-A628-69DC200DFA05}.Debug_Unicode|Any CPU.ActiveCfg = Debug_Unicode|Win32
		{B1320037-89DD-4F99-A628-69DC200DFA05}.Debug_Unicode|Win32.ActiveCfg = Debug_Unicode|Win32
		{B1320037-89DD-4F99-A628-69DC200DFA05}.Debug_Unicode|Win32.Build.0 = Debug_Unicode|Win32
		{B1320037-89DD-4F99-A628-69DC200DFA05}.Debug|Any CPU.ActiveCfg = Debug|Win32
		{B1320037-89DD-4F99-A628-69DC200DFA05}.Debug|Win32.ActiveCfg = Debug|Win32
		{B1320037-89DD-4F99-A628-69DC200DFA05}.Debug|Win32.Build.0 = Debug|Win32
		{B1320037-89DD-4F99-A628-69DC200DFA05}.DebugVD|Any CPU.ActiveCfg = Release_Unicode|Win32
		{B1320037-89DD-4F99-A628-69DC200DFA05}.DebugVD|Any CPU.Build.0 = Release_Unicode|Win32
		{B1320037-89DD-4F99-A628-69DC200DFA05}.DebugVD|Win32.ActiveCfg = Debug|Win32
		{B1320037-89DD-4F99-A628-69DC200DFA05}.DebugVD|Win32.Build.0 = Debug|Win32
		{B1320037-89DD-4F99-A628-69DC200DFA05}.Release_Manager|Any CPU.ActiveCfg = Release|Win32
		{B1320037-89DD-4F99-A628-69DC200DFA05}.Release_Manager|Any CPU.Build.0 = Release|Win32
		{B1320037-89DD-4F99-A628-69DC200DFA05}.Release_Manager|Win32.ActiveCfg = Release_Unicode|Win32
		{B1320037-89DD-4F99-A628-69DC200DFA05}.Release_Manager|Win32.Build.0 = Release_Unicode|Win32
		{B1320037-89DD-4F99-A628-69DC200DFA05}.Release_Unicode|Any CPU.ActiveCfg = Release_Unicode|Win32
		{B1320037-89DD-4F99-A628-69DC200DFA05}.Release_Unicode|Win32.ActiveCfg = Release_Unicode|Win32
		{B1320037-89DD-4F99-A628-69DC200DFA05}.Release_Unicode|Win32.Build.0 = Release_Unicode|Win32
		{B1320037-89DD-4F99-A628-69DC200DFA05}.Release|Any CPU.ActiveCfg = Release|Win32
		{B1320037-89DD-4F99-A628-69DC200DFA05}.Release|Win32.ActiveCfg = Release|Win32
		{B1320037-89DD-4F99-A628-69DC200DFA05}.Release|Win32.Build.0 = Release|Win32
		{B1320037-89DD-4F99-A628-69DC200DFA05}.ReleaseVD|Any CPU.ActiveCfg = Release_Unicode|Win32
		{B1320037-89DD-4F99-A628-69DC200DFA05}.ReleaseVD|Any CPU.Build.0 = Release_Unicode|Win32
		{B1320037-89DD-4F99-A628-69DC200DFA05}.ReleaseVD|Win32.ActiveCfg = Release_Unicode|Win32
		{B1320037-89DD-4F99-A628-69DC200DFA05}.ReleaseVD|Win32.Build.0 = Release_Unicode|Win32
		{0167D883-34DA-47FC-A903-6BE341FD8DC5}.Debug_Unicode|Any CPU.ActiveCfg = Debug_Unicode|Win32
		{0167D883-34DA-47FC-A903-6BE341FD8DC5}.Debug_Unicode|Win32.ActiveCfg = Debug_Unicode|Win32
		{0167D883-34DA-47FC-A903-6BE341FD8DC5}.Debug_Unicode|Win32.Build.0 = Debug_Unicode|Win32
		{0167D883-34DA-47FC-A903-6BE341FD8DC5}.Debug|Any CPU.ActiveCfg = Debug|Win32
		{0167D883-34DA-47FC-A903-6BE341FD8DC5}.Debug|Win32.ActiveCfg = Debug|Win32
		{0167D883-34DA-47FC-A903-6BE341FD8DC5}.Debug|Win32.Build.0 = Debug|Win32
		{0167D883-34DA-47FC-A903-6BE341FD8DC5}.DebugVD|Any CPU.ActiveCfg = Release_Unicode|Win32
		{0167D883-34DA-47FC-A903-6BE341FD8DC5}.DebugVD|Any CPU.Build.0 = Release_Unicode|Win32
		{0167D883-34DA-47FC-A903-6BE341FD8DC5}.DebugVD|Win32.ActiveCfg = Debug|Win32
		{0167D883-34DA-47FC-A903-6BE341FD8DC5}.DebugVD|Win32.Build.0 = Debug|Win32
		{0167D883-34DA-47FC-A903-6BE341FD8DC5}.Release_Manager|Any CPU.ActiveCfg = Release|Win32
		{0167D883-34DA-47FC-A903-6BE341FD8DC5}.Release_Manager|Any CPU.Build.0 = Release|Win32
		{0167D883-34DA-47FC-A903-6BE341FD8DC5}.Release_Manager|Win32.ActiveCfg = Release_Unicode|Win32
		{0167D883-34DA-47FC-A903-6BE341FD8DC5}.Release_Manager|Win32.Build.0 = Release_Unicode|Win32
		{0167D883-34DA-47FC-A903-6BE341FD8DC5}.Release_Unicode|Any CPU.ActiveCfg = Release_Unicode|Win32
		{0167D883-34DA-47FC-A903-6BE341FD8DC5}.Release_Unicode|Win32.ActiveCfg = Release_Unicode|Win32
		{0167D883-34DA-47FC-A903-6BE341FD8DC5}.Release_Unicode|Win32.Build.0 = Release_Unicode|Win32
		{0167D883-34DA-47FC-A903-6BE341FD8DC5}.Release|Any CPU.ActiveCfg = Release|Win32
		{0167D883-34DA-47FC-A903-6BE341FD8DC5}.Release|Win32.ActiveCfg = Release|Win32
		{0167D883-34DA-47FC-A903-6BE341FD8DC5}.Release|Win32.Build.0 = Release|Win32
		{0167D883-34DA-47FC-A903-6BE341FD8DC5}.ReleaseVD|Any CPU.ActiveCfg = Release_Unicode|Win32
		{0167D883-34DA-47FC-A903-6BE341FD8DC5}.ReleaseVD|Any CPU.Build.0 = Release_Unicode|Win32
		{0167D883-34DA-47FC-A903-6BE341FD8DC5}.ReleaseVD|Win32.ActiveCfg = Release_Unicode|Win32
		{0167D883-34DA-47FC-A903-6BE341FD8DC5}.ReleaseVD|Win32.Build.0 = Release_Unicode|Win32
		{CD826B8C-89BD-44AF-A1DE-0A91494CD763}.Debug_Unicode|Any CPU.ActiveCfg = Debug_Unicode|Win32
		{CD826B8C-89BD-44AF-A1DE-0A91494CD763}.Debug_Unicode|Win32.ActiveCfg = Debug_Unicode|Win32
		{CD826B8C-89BD-44AF-A1DE-0A91494CD763}.Debug_Unicode|Win32.Build.0 = Debug_Unicode|Win32
		{CD826B8C-89BD-44AF-A1DE-0A91494CD763}.Debug|Any CPU.ActiveCfg = Debug|Win32
		{CD826B8C-89BD-44AF-A1DE-0A91494CD763}.Debug|Win32.ActiveCfg = Debug|Win32
		{CD826B8C-89BD-44AF-A1DE-0A91494CD763}.Debug|Win32.Build.0 = Debug|Win32
		{CD826B8C-89BD-44AF-A1DE-0A91494CD763}.DebugVD|Any CPU.ActiveCfg = Release_Unicode|Win32
		{CD826B8C-89BD-44AF-A1DE-0A91494CD763}.DebugVD|Any CPU.Build.0 = Release_Unicode|Win32
		{CD826B8C-89BD-44AF-A1DE-0A91494CD763}.DebugVD|Win32.ActiveCfg = Debug|Win32
		{CD826B8C-89BD-44AF-A1DE-0A91494CD763}.DebugVD|Win32.Build.0 = Debug|Win32
		{CD826B8C-89BD-44AF-A1DE-0A91494CD763}.Release_Manager|Any CPU.ActiveCfg = Release|Win32
		{CD826B8C-89BD-44AF-A1DE-0A91494CD763}.Release_Manager|Any CPU.Build.0 = Release|Win32
		{CD826B8C-89BD-44AF-A1DE-0A91494CD763}.Release_Manager|Win32.ActiveCfg = Release_Unicode|Win32
		{CD826B8C-89BD-44AF-A1DE-0A91494CD763}.Release_Manager|Win32.Build.0 = Release_Unicode|Win32
		{CD826B8C-89BD-44AF-A1DE-0A91494CD763}.Release_Unicode|Any CPU.ActiveCfg = Release_Unicode|Win32
		{CD826B8C-89BD-44AF-A1DE-0A91494CD763}.Release_Unicode|Win32.ActiveCfg = Release_Unicode|Win32
		{CD826B8C-89BD-44AF-A1DE-0A91494CD763}.Release_Unicode|Win32.Build.0 = Release_Unicode|Win32
		{CD826B8C-89BD-44AF-A1DE-0A91494CD763}.Release|Any CPU.ActiveCfg = Release|Win32
		{CD826B8C-89BD-44AF-A1DE-0A91494CD763}.Release|Win32.ActiveCfg = Release|Win32
		{CD826B8C-89BD-44AF-A1DE-0A91494CD763}.Release|Win32.Build.0 = Release|Win32
		{CD826B8C-89BD-44AF-A1DE-0A91494CD763}.ReleaseVD|Any CPU.ActiveCfg = Release_Unicode|Win32
		{CD826B8C-89BD-44AF-A1DE-0A91494CD763}.ReleaseVD|Any CPU.Build.0 = Release_Unicode|Win32
		{CD826B8C-89BD-44AF-A1DE-0A91494CD763}.ReleaseVD|Win32.ActiveCfg = Release_Unicode|Win32
		{CD826B8C-89BD-44AF-A1DE-0A91494CD763}.ReleaseVD|Win32.Build.0 = Release_Unicode|Win32
		{ED28DEC3-BBC7-43FA-998B-11DCFAA69CEF}.Debug_Unicode|Any CPU.ActiveCfg = Debug_Unicode|Win32
		{ED28DEC3-BBC7-43FA-998B-11DCFAA69CEF}.Debug_Unicode|Win32.ActiveCfg = Debug_Unicode|Win32
		{ED28DEC3-BBC7-43FA-998B-11DCFAA69CEF}.Debug_Unicode|Win32.Build.0 = Debug_Unicode|Win32
		{ED28DEC3-BBC7-43FA-998B-11DCFAA69CEF}.Debug|Any CPU.ActiveCfg = Debug|Win32
		{ED28DEC3-BBC7-43FA-998B-11DCFAA69CEF}.Debug|Win32.ActiveCfg = Debug|Win32
		{ED28DEC3-BBC7-43FA-998B-11DCFAA69CEF}.Debug|Win32.Build.0 = Debug|Win32
		{ED28DEC3-BBC7-43FA-998B-11DCFAA69CEF}.DebugVD|Any CPU.ActiveCfg = Release_Unicode|Win32
		{ED28DEC3-BBC7-43FA-998B-11DCFAA69CEF}.DebugVD|Any CPU.Build.0 = Release_Unicode|Win32
		{ED28DEC3-BBC7-43FA-998B-11DCFAA69CEF}.DebugVD|Win32.ActiveCfg = Debug|Win32
		{ED28DEC3-BBC7-43FA-998B-11DCFAA69CEF}.DebugVD|Win32.Build.0 = Debug|Win32
		{ED28DEC3-BBC7-43FA-998B-11DCFAA69CEF}.Release_Manager|Any CPU.ActiveCfg = Release|Win32
		{ED28DEC3-BBC7-43FA-998B-11DCFAA69CEF}.Release_Manager|Any CPU.Build.0 = Release|Win32
		{ED28DEC3-BBC7-43FA-998B-11DCFAA69CEF}.Release_Manager|Win32.ActiveCfg = Release_Unicode|Win32
		{ED28DEC3-BBC7-43FA-998B-11DCFAA69CEF}.Release_Manager|Win32.Build.0 = Release_Unicode|Win32
		{ED28DEC3-BBC7-43FA-998B-11DCFAA69CEF}.Release_Unicode|Any CPU.ActiveCfg = Release_Unicode|Win32
		{ED28DEC3-BBC7-43FA-998B-11DCFAA69CEF}.Release_Unicode|Win32.ActiveCfg = Release_Unicode|Win32
		{ED28DEC3-BBC7-43FA-998B-11DCFAA69CEF}.Release_Unicode|Win32.Build.0 = Release_Unicode|Win32
		{ED28DEC3-BBC7-43FA-998B-11DCFAA69CEF}.Release|Any CPU.ActiveCfg = Release|Win32
		{ED28DEC3-BBC7-43FA-998B-11DCFAA69CEF}.Release|Win32.ActiveCfg = Release|Win32
		{ED28DEC3-BBC7-43FA-998B-11DCFAA69CEF}.Release|Win32.Build.0 = Release|Win32
		{ED28DEC3-BBC7-43FA-998B-11DCFAA69CEF}.ReleaseVD|Any CPU.ActiveCfg = Release_Unicode|Win32
		{ED28DEC3-BBC7-43FA-998B-11DCFAA69CEF}.ReleaseVD|Any CPU.Build.0 = Release_Unicode|Win32
		{ED28DEC3-BBC7-43FA-998B-11DCFAA69CEF}.ReleaseVD|Win32.ActiveCfg = Release_Unicode|Win32
		{ED28DEC3-BBC7-43FA-998B-11DCFAA69CEF}.ReleaseVD|Win32.Build.0 = Release_Unicode|Win32
		{07F0CF5A-4D5D-4DBB-A723-4DF612C3AB33}.Debug_Unicode|Any CPU.ActiveCfg = Debug_Unicode|Win32
		{07F0CF5A-4D5D-4DBB-A723-4DF612C3AB33}.Debug_Unicode|Win32.ActiveCfg = Debug_Unicode|Win32
		{07F0CF5A-4D5D-4DBB-A723-4DF612C3AB33}.Debug_Unicode|Win32.Build.0 = Debug_Unicode|Win32
		{07F0CF5A-4D5D-4DBB-A723-4DF612C3AB33}.Debug|Any CPU.ActiveCfg = Debug|Win32
		{07F0CF5A-4D5D-4DBB-A723-4DF612C3AB33}.Debug|Win32.ActiveCfg = Debug|Win32
		{07F0CF5A-4D5D-4DBB-A723-4DF612C3AB33}.Debug|Win32.Build.0 = Debug|Win32
		{07F0CF5A-4D5D-4DBB-A723-4DF612C3AB33}.DebugVD|Any CPU.ActiveCfg = Release_Unicode|Win32
		{07F0CF5A-4D5D-4DBB-A723-4DF612C3AB33}.DebugVD|Any CPU.Build.0 = Release_Unicode|Win32
		{07F0CF5A-4D5D-4DBB-A723-4DF612C3AB33}.DebugVD|Win32.ActiveCfg = Debug|Win32
		{07F0CF5A-4D5D-4DBB-A723-4DF612C3AB33}.DebugVD|Win32.Build.0 = Debug|Win32
		{07F0CF5A-4D5D-4DBB-A723-4DF612C3AB33}.Release_Manager|Any CPU.ActiveCfg = Release|Win32
		{07F0CF5A-4D5D-4DBB-A723-4DF612C3AB33}.Release_Manager|Any CPU.Build.0 = Release|Win32
		{07F0CF5A-4D5D-4DBB-A723-4DF612C3AB33}.Release_Manager|Win32.ActiveCfg = Release_Unicode|Win32
		{07F0CF5A-4D5D-4DBB-A723-4DF612C3AB33}.Release_Manager|Win32.Build.0 = Release_Unicode|Win32
		{07F0CF5A-4D5D-4DBB-A723-4DF612C3AB33}.Release_Unicode|Any CPU.ActiveCfg = Release_Unicode|Win32
		{07F0CF5A-4D5D-4DBB-A723-4DF612C3AB33}.Release_Unicode|Win32.ActiveCfg = Release_Unicode|Win32
		{07F0CF5A-4D5D-4DBB-A723-4DF612C3AB33}.Release_Unicode|Win32.Build.0 = Release_Unicode|Win32
		{07F0CF5A-4D5D-4DBB-A723-4DF612C3AB33}.Release|Any CPU.ActiveCfg = Release|Win32
		{07F0CF5A-4D5D-4DBB-A723-4DF612C3AB33}.Release|Win32.ActiveCfg = Release|Win32
		{07F0CF5A-4D5D-4DBB-A723-4DF612C3AB33}.Release|Win32.Build.0 = Release|Win32
		{07F0CF5A-4D5D-4DBB-A723-4DF612C3AB33}.ReleaseVD|Any CPU.ActiveCfg = Release_Unicode|Win32
		{07F0CF5A-4D5D-4DBB-A723-4DF612C3AB33}.ReleaseVD|Any CPU.Build.0 = Release_Unicode|Win32
		{07F0CF5A-4D5D-4DBB-A723-4DF612C3AB33}.ReleaseVD|Win32.ActiveCfg = Release_Unicode|Win32
		{07F0CF5A-4D5D-4DBB-A723-4DF612C3AB33}.ReleaseVD|Win32.Build.0 = Release_Unicode|Win32
		{267C213B-3F02-4627-8734-E361A61C83F9}.Debug_Unicode|Any CPU.ActiveCfg = Debug_Unicode|Win32
		{267C213B-3F02-4627-8734-E361A61C83F9}.Debug_Unicode|Win32.ActiveCfg = Debug_Unicode|Win32
		{267C213B-3F02-4627-8734-E361A61C83F9}.Debug_Unicode|Win32.Build.0 = Debug_Unicode|Win32
		{267C213B-3F02-4627-8734-E361A61C83F9}.Debug|Any CPU.ActiveCfg = Debug|Win32
		{267C213B-3F02-4627-8734-E361A61C83F9}.Debug|Win32.ActiveCfg = Debug|Win32
		{267C213B-3F02-4627-8734-E361A61C83F9}.Debug|Win32.Build.0 = Debug|Win32
		{267C213B-3F02-4627-8734-E361A61C83F9}.DebugVD|Any CPU.ActiveCfg = Release_Unicode|Win32
		{267C213B-3F02-4627-8734-E361A61C83F9}.DebugVD|Any CPU.Build.0 = Release_Unicode|Win32
		{267C213B-3F02-4627-8734-E361A61C83F9}.DebugVD|Win32.ActiveCfg = Debug|Win32
		{267C213B-3F02-4627-8734-E361A61C83F9}.DebugVD|Win32.Build.0 = Debug|Win32
		{267C213B-3F02-4627-8734-E361A61C83F9}.Release_Manager|Any CPU.ActiveCfg = Release|Win32
		{267C213B-3F02-4627-8734-E361A61C83F9}.Release_Manager|Any CPU.Build.0 = Release|Win32
		{267C213B-3F02-4627-8734-E361A61C83F9}.Release_Manager|Win32.ActiveCfg = Release_Unicode|Win32
		{267C213B-3F02-4627-8734-E361A61C83F9}.Release_Manager|Win32.Build.0 = Release_Unicode|Win32
		{267C213B-3F02-4627-8734-E361A61C83F9}.Release_Unicode|Any CPU.ActiveCfg = Release_Unicode|Win32
		{267C213B-3F02-4627-8734-E361A61C83F9}.Release_Unicode|Win32.ActiveCfg = Release_Unicode|Win32
		{267C213B-3F02-4627-8734-E361A61C83F9}.Release_Unicode|Win32.Build.0 = Release_Unicode|Win32
		{267C213B-3F02-4627-8734-E361A61C83F9}.Release|Any CPU.ActiveCfg = Release|Win32
		{267C213B-3F02-4627-8734-E361A61C83F9}.Release|Win32.ActiveCfg = Release|Win32
		{267C213B-3F02-4627-8734-E361A61C83F9}.Release|Win32.Build.0 = Release|Win32
		{267C213B-3F02-4627-8734-E361A61C83F9}.ReleaseVD|Any CPU.ActiveCfg = Release_Unicode|Win32
		{267C213B-3F02-4627-8734-E361A61C83F9}.ReleaseVD|Any CPU.Build.0 = Release_Unicode|Win32
		{267C213B-3F02-4627-8734-E361A61C83F9}.ReleaseVD|Win32.ActiveCfg = Release_Unicode|Win32
		{267C213B-3F02-4627-8734-E361A61C83F9}.ReleaseVD|Win32.Build.0 = Release_Unicode|Win32
		{CA071FF5-97BF-42C3-99AF-FE8F8A0F0AF2}.Debug_Unicode|Any CPU.ActiveCfg = Debug_Unicode|Win32
		{CA071FF5-97BF-42C3-99AF-FE8F8A0F0AF2}.Debug_Unicode|Win32.ActiveCfg = Debug_Unicode|Win32
		{CA071FF5-97BF-42C3-99AF-FE8F8A0F0AF2}.Debug_Unicode|Win32.Build.0 = Debug_Unicode|Win32
		{CA071FF5-97BF-42C3-99AF-FE8F8A0F0AF2}.Debug|Any CPU.ActiveCfg = Debug|Win32
		{CA071FF5-97BF-42C3-99AF-FE8F8A0F0AF2}.Debug|Win32.ActiveCfg = Debug|Win32
		{CA071FF5-97BF-42C3-99AF-FE8F8A0F0AF2}.Debug|Win32.Build.0 = Debug|Win32
		{CA071FF5-97BF-42C3-99AF-FE8F8A0F0AF2}.DebugVD|Any CPU.ActiveCfg = Release_Unicode|Win32
		{CA071FF5-97BF-42C3-99AF-FE8F8A0F0AF2}.DebugVD|Any CPU.Build.0 = Release_Unicode|Win32
		{CA071FF5-97BF-42C3-99AF-FE8F8A0F0AF2}.DebugVD|Win32.ActiveCfg = Debug|Win32
		{CA071FF5-97BF-42C3-99AF-FE8F8A0F0AF2}.DebugVD|Win32.Build.0 = Debug|Win32
		{CA071FF5-97BF-42C3-99AF-FE8F8A0F0AF2}.Release_Manager|Any CPU.ActiveCfg = Release|Win32
		{CA071FF5-97BF-42C3-99AF-FE8F8A0F0AF2}.Release_Manager|Any CPU.Build.0 = Release|Win32
		{CA071FF5-97BF-42C3-99AF-FE8F8A0F0AF2}.Release_Manager|Win32.ActiveCfg = Release_Unicode|Win32
		{CA071FF5-97BF-42C3-99AF-FE8F8A0F0AF2}.Release_Manager|Win32.Build.0 = Release_Unicode|Win32
		{CA071FF5-97BF-42C3-99AF-FE8F8A0F0AF2}.Release_Unicode|Any CPU.ActiveCfg = Release_Unicode|Win32
		{CA071FF5-97BF-42C3-99AF-FE8F8A0F0AF2}.Release_Unicode|Win32.ActiveCfg = Release_Unicode|Win32
		{CA071FF5-97BF-42C3-99AF-FE8F8A0F0AF2}.Release_Unicode|Win32.Build.0 = Release_Unicode|Win32
		{CA071FF5-97BF-42C3-99AF-FE8F8A0F0AF2}.Release|Any CPU.ActiveCfg = Release|Win32
		{CA071FF5-97BF-42C3-99AF-FE8F8A0F0AF2}.Release|Win32.ActiveCfg = Release|Win32
		{CA071FF5-97BF-42C3-99AF-FE8F8A0F0AF2}.Release|Win32.Build.0 = Release|Win32
		{CA071FF5-97BF-42C3-99AF-FE8F8A0F0AF2}.ReleaseVD|Any CPU.ActiveCfg = Release_Unicode|Win32
		{CA071FF5-97BF-42C3-99AF-FE8F8A0F0AF2}.ReleaseVD|Any CPU.Build.0 = Release_Unicode|Win32
		{CA071FF5-97BF-42C3-99AF-FE8F8A0F0AF2}.ReleaseVD|Win32.ActiveCfg = Release_Unicode|Win32
		{CA071FF5-97BF-42C3-99AF-FE8F8A0F0AF2}.ReleaseVD|Win32.Build.0 = Release_Unicode|Win32
		{09ED82CF-F62F-4995-9677-20F117E10065}.Debug_Unicode|Any CPU.ActiveCfg = Debug_Unicode|Win32
		{09ED82CF-F62F-4995-9677-20F117E10065}.Debug_Unicode|Win32.ActiveCfg = Debug_Unicode|Win32
		{09ED82CF-F62F-4995-9677-20F117E10065}.Debug_Unicode|Win32.Build.0 = Debug_Unicode|Win32
		{09ED82CF-F62F-4995-9677-20F117E10065}.Debug|Any CPU.ActiveCfg = Debug|Win32
		{09ED82CF-F62F-4995-9677-20F117E10065}.Debug|Win32.ActiveCfg = Debug|Win32
		{09ED82CF-F62F-4995-9677-20F117E10065}.Debug|Win32.Build.0 = Debug|Win32
		{09ED82CF-F62F-4995-9677-20F117E10065}.DebugVD|Any CPU.ActiveCfg = Release_Unicode|Win32
		{09ED82CF-F62F-4995-9677-20F117E10065}.DebugVD|Any CPU.Build.0 = Release_Unicode|Win32
		{09ED82CF-F62F-4995-9677-20F117E10065}.DebugVD|Win32.ActiveCfg = Debug|Win32
		{09ED82CF-F62F-4995-9677-20F117E10065}.DebugVD|Win32.Build.0 = Debug|Win32
		{09ED82CF-F62F-4995-9677-20F117E10065}.Release_Manager|Any CPU.ActiveCfg = Release|Win32
		{09ED82CF-F62F-4995-9677-20F117E10065}.Release_Manager|Any CPU.Build.0 = Release|Win32
		{09ED82CF-F62F-4995-9677-20F117E10065}.Release_Manager|Win32.ActiveCfg = Release_Unicode|Win32
		{09ED82CF-F62F-4995-9677-20F117E10065}.Release_Manager|Win32.Build.0 = Release_Unicode|Win32
		{09ED82CF-F62F-4995-9677-20F117E10065}.Release_Unicode|Any CPU.ActiveCfg = Release_Unicode|Win32
		{09ED82CF-F62F-4995-9677-20F117E10065}.Release_Unicode|Win32.ActiveCfg = Release_Unicode|Win32
		{09ED82CF-F62F-4995-9677-20F117E10065}.Release_Unicode|Win32.Build.0 = Release_Unicode|Win32
		{09ED82CF-F62F-4995-9677-20F117E10065}.Release|Any CPU.ActiveCfg = Release|Win32
		{09ED82CF-F62F-4995-9677-20F117E10065}.Release|Win32.ActiveCfg = Release|Win32
		{09ED82CF-F62F-4995-9677-20F117E10065}.Release|Win32.Build.0 = Release|Win32
		{09ED82CF-F62F-4995-9677-20F117E10065}.ReleaseVD|Any CPU.ActiveCfg = Release_Unicode|Win32
		{09ED82CF-F62F-4995-9677-20F117E10065}.ReleaseVD|Any CPU.Build.0 = Release_Unicode|Win32
		{09ED82CF-F62F-4995-9677-20F117E10065}.ReleaseVD|Win32.ActiveCfg = Release_Unicode|Win32
		{09ED82CF-F62F-4995-9677-20F117E10065}.ReleaseVD|Win32.Build.0 = Release_Unicode|Win32
		{5045510A-B2A7-4CAC-8087-0B725B0F61E5}.Debug_Unicode|Any CPU.ActiveCfg = Debug_Unicode|Win32
		{5045510A-B2A7-4CAC-8087-0B725B0F61E5}.Debug_Unicode|Win32.ActiveCfg = Debug_Unicode|Win32
		{5045510A-B2A7-4CAC-8087-0B725B0F61E5}.Debug_Unicode|Win32.Build.0 = Debug_Unicode|Win32
		{5045510A-B2A7-4CAC-8087-0B725B0F61E5}.Debug|Any CPU.ActiveCfg = Debug|Win32
		{5045510A-B2A7-4CAC-8087-0B725B0F61E5}.Debug|Win32.ActiveCfg = Debug|Win32
		{5045510A-B2A7-4CAC-8087-0B725B0F61E5}.Debug|Win32.Build.0 = Debug|Win32
		{5045510A-B2A7-4CAC-8087-0B725B0F61E5}.DebugVD|Any CPU.ActiveCfg = Release_Unicode|Win32
		{5045510A-B2A7-4CAC-8087-0B725B0F61E5}.DebugVD|Any CPU.Build.0 = Release_Unicode|Win32
		{5045510A-B2A7-4CAC-8087-0B725B0F61E5}.DebugVD|Win32.ActiveCfg = Debug|Win32
		{5045510A-B2A7-4CAC-8087-0B725B0F61E5}.DebugVD|Win32.Build.0 = Debug|Win32
		{5045510A-B2A7-4CAC-8087-0B725B0F61E5}.Release_Manager|Any CPU.ActiveCfg = Release|Win32
		{5045510A-B2A7-4CAC-8087-0B725B0F61E5}.Release_Manager|Any CPU.Build.0 = Release|Win32
		{5045510A-B2A7-4CAC-8087-0B725B0F61E5}.Release_Manager|Win32.ActiveCfg = Release_Unicode|Win32
		{5045510A-B2A7-4CAC-8087-0B725B0F61E5}.Release_Manager|Win32.Build.0 = Release_Unicode|Win32
		{5045510A-B2A7-4CAC-8087-0B725B0F61E5}.Release_Unicode|Any CPU.ActiveCfg = Release_Unicode|Win32
		{5045510A-B2A7-4CAC-8087-0B725B0F61E5}.Release_Unicode|Win32.ActiveCfg = Release_Unicode|Win32
		{5045510A-B2A7-4CAC-8087-0B725B0F61E5}.Release_Unicode|Win32.Build.0 = Release_Unicode|Win32
		{5045510A-B2A7-4CAC-8087-0B725B0F61E5}.Release|Any CPU.ActiveCfg = Release|Win32
		{5045510A-B2A7-4CAC-8087-0B725B0F61E5}.Release|Win32.ActiveCfg = Release|Win32
		{5045510A-B2A7-4CAC-8087-0B725B0F61E5}.Release|Win32.Build.0 = Release|Win32
		{5045510A-B2A7-4CAC-8087-0B725B0F61E5}.ReleaseVD|Any CPU.ActiveCfg = Release_Unicode|Win32
		{5045510A-B2A7-4CAC-8087-0B725B0F61E5}.ReleaseVD|Any CPU.Build.0 = Release_Unicode|Win32
		{5045510A-B2A7-4CAC-8087-0B725B0F61E5}.ReleaseVD|Win32.ActiveCfg = Release_Unicode|Win32
		{5045510A-B2A7-4CAC-8087-0B725B0F61E5}.ReleaseVD|Win32.Build.0 = Release_Unicode|Win32
		{D78B795C-1733-4948-ACDF-F23C77BAD79D}.Debug_Unicode|Any CPU.ActiveCfg = Debug_Unicode|Win32
		{D78B795C-1733-4948-ACDF-F23C77BAD79D}.Debug_Unicode|Win32.ActiveCfg = Debug_Unicode|Win32
		{D78B795C-1733-4948-ACDF-F23C77BAD79D}.Debug_Unicode|Win32.Build.0 = Debug_Unicode|Win32
		{D78B795C-1733-4948-ACDF-F23C77BAD79D}.Debug|Any CPU.ActiveCfg = Debug|Win32
		{D78B795C-1733-4948-ACDF-F23C77BAD79D}.Debug|Win32.ActiveCfg = Debug|Win32
		{D78B795C-1733-4948-ACDF-F23C77BAD79D}.Debug|Win32.Build.0 = Debug|Win32
		{D78B795C-1733-4948-ACDF-F23C77BAD79D}.DebugVD|Any CPU.ActiveCfg = Release_Unicode|Win32
		{D78B795C-1733-4948-ACDF-F23C77BAD79D}.DebugVD|Any CPU.Build.0 = Release_Unicode|Win32
		{D78B795C-1733-4948-ACDF-F23C77BAD79D}.DebugVD|Win32.ActiveCfg = Debug|Win32
		{D78B795C-1733-4948-ACDF-F23C77BAD79D}.DebugVD|Win32.Build.0 = Debug|Win32
		{D78B795C-1733-4948-ACDF-F23C77BAD79D}.Release_Manager|Any CPU.ActiveCfg = Release|Win32
		{D78B795C-1733-4948-ACDF-F23C77BAD79D}.Release_Manager|Any CPU.Build.0 = Release|Win32
		{D78B795C-1733-4948-ACDF-F23C77BAD79D}.Release_Manager|Win32.ActiveCfg = Release_Unicode|Win32
		{D78B795C-1733-4948-ACDF-F23C77BAD79D}.Release_Manager|Win32.Build.0 = Release_Unicode|Win32
		{D78B795C-1733-4948-ACDF-F23C77BAD79D}.Release_Unicode|Any CPU.ActiveCfg = Release_Unicode|Win32
		{D78B795C-1733-4948-ACDF-F23C77BAD79D}.Release_Unicode|Win32.ActiveCfg = Release_Unicode|Win32
		{D78B795C-1733-4948-ACDF-F23C77BAD79D}.Release_Unicode|Win32.Build.0 = Release_Unicode|Win32
		{D78B795C-1733-4948-ACDF-F23C77BAD79D}.Release|Any CPU.ActiveCfg = Release|Win32
		{D78B795C-1733-4948-ACDF-F23C77BAD79D}.Release|Win32.ActiveCfg = Release|Win32
		{D78B795C-1733-4948-ACDF-F23C77BAD79D}.Release|Win32.Build.0 = Release|Win32
		{D78B795C-1733-4948-ACDF-F23C77BAD79D}.ReleaseVD|Any CPU.ActiveCfg = Release_Unicode|Win32
		{D78B795C-1733-4948-ACDF-F23C77BAD79D}.ReleaseVD|Any CPU.Build.0 = Release_Unicode|Win32
		{D78B795C-1733-4948-ACDF-F23C77BAD79D}.ReleaseVD|Win32.ActiveCfg = Release_Unicode|Win32
		{D78B795C-1733-4948-ACDF-F23C77BAD79D}.ReleaseVD|Win32.Build.0 = Release_Unicode|Win32
		{5A239631-3054-4AFD-9788-AAC792B43491}.Debug_Unicode|Any CPU.ActiveCfg = Debug_Unicode|Win32
		{5A239631-3054-4AFD-9788-AAC792B43491}.Debug_Unicode|Win32.ActiveCfg = Debug_Unicode|Win32
		{5A239631-3054-4AFD-9788-AAC792B43491}.Debug_Unicode|Win32.Build.0 = Debug_Unicode|Win32
		{5A239631-3054-4AFD-9788-AAC792B43491}.Debug|Any CPU.ActiveCfg = Debug|Win32
		{5A239631-3054-4AFD-9788-AAC792B43491}.Debug|Win32.ActiveCfg = Debug|Win32
		{5A239631-3054-4AFD-9788-AAC792B43491}.Debug|Win32.Build.0 = Debug|Win32
		{5A239631-3054-4AFD-9788-AAC792B43491}.DebugVD|Any CPU.ActiveCfg = Release_Unicode|Win32
		{5A239631-3054-4AFD-9788-AAC792B43491}.DebugVD|Any CPU.Build.0 = Release_Unicode|Win32
		{5A239631-3054-4AFD-9788-AAC792B43491}.DebugVD|Win32.ActiveCfg = Debug|Win32
		{5A239631-3054-4AFD-9788-AAC792B43491}.DebugVD|Win32.Build.0 = Debug|Win32
		{5A239631-3054-4AFD-9788-AAC792B43491}.Release_Manager|Any CPU.ActiveCfg = Release|Win32
		{5A239631-3054-4AFD-9788-AAC792B43491}.Release_Manager|Any CPU.Build.0 = Release|Win32
		{5A239631-3054-4AFD-9788-AAC792B43491}.Release_Manager|Win32.ActiveCfg = Release_Unicode|Win32
		{5A239631-3054-4AFD-9788-AAC792B43491}.Release_Manager|Win32.Build.0 = Release_Unicode|Win32
		{5A239631-3054-4AFD-9788-AAC792B43491}.Release_Unicode|Any CPU.ActiveCfg = Release_Unicode|Win32
		{5A239631-3054-4AFD-9788-AAC792B43491}.Release_Unicode|Win32.ActiveCfg = Release_Unicode|Win32
		{5A239631-3054-4AFD-9788-AAC792B43491}.Release_Unicode|Win32.Build.0 = Release_Unicode|Win32
		{5A239631-3054-4AFD-9788-AAC792B43491}.Release|Any CPU.ActiveCfg = Release|Win32
		{5A239631-3054-4AFD-9788-AAC792B43491}.Release|Win32.ActiveCfg = Release|Win32
		{5A239631-3054-4AFD-9788-AAC792B43491}.Release|Win32.Build.0 = Release|Win32
		{5A239631-3054-4AFD-9788-AAC792B43491}.ReleaseVD|Any CPU.ActiveCfg = Release_Unicode|Win32
		{5A239631-3054-4AFD-9788-AAC792B43491}.ReleaseVD|Any CPU.Build.0 = Release_Unicode|Win32
		{5A239631-3054-4AFD-9788-AAC792B43491}.ReleaseVD|Win32.ActiveCfg = Release_Unicode|Win32
		{5A239631-3054-4AFD-9788-AAC792B43491}.ReleaseVD|Win32.Build.0 = Release_Unicode|Win32
		{ECEFD512-1335-4597-8326-4BBEFFC429DA}.Debug_Unicode|Any CPU.ActiveCfg = Debug_Unicode|Win32
		{ECEFD512-1335-4597-8326-4BBEFFC429DA}.Debug_Unicode|Win32.ActiveCfg = Debug_Unicode|Win32
		{ECEFD512-1335-4597-8326-4BBEFFC429DA}.Debug_Unicode|Win32.Build.0 = Debug_Unicode|Win32
		{ECEFD512-1335-4597-8326-4BBEFFC429DA}.Debug|Any CPU.ActiveCfg = Debug|Win32
		{ECEFD512-1335-4597-8326-4BBEFFC429DA}.Debug|Win32.ActiveCfg = Debug|Win32
		{ECEFD512-1335-4597-8326-4BBEFFC429DA}.Debug|Win32.Build.0 = Debug|Win32
		{ECEFD512-1335-4597-8326-4BBEFFC429DA}.DebugVD|Any CPU.ActiveCfg = Release_Unicode|Win32
		{ECEFD512-1335-4597-8326-4BBEFFC429DA}.DebugVD|Any CPU.Build.0 = Release_Unicode|Win32
		{ECEFD512-1335-4597-8326-4BBEFFC429DA}.DebugVD|Win32.ActiveCfg = Debug|Win32
		{ECEFD512-1335-4597-8326-4BBEFFC429DA}.DebugVD|Win32.Build.0 = Debug|Win32
		{ECEFD512-1335-4597-8326-4BBEFFC429DA}.Release_Manager|Any CPU.ActiveCfg = Release|Win32
		{ECEFD512-1335-4597-8326-4BBEFFC429DA}.Release_Manager|Any CPU.Build.0 = Release|Win32
		{ECEFD512-1335-4597-8326-4BBEFFC429DA}.Release_Manager|Win32.ActiveCfg = Release_Unicode|Win32
		{ECEFD512-1335-4597-8326-4BBEFFC429DA}.Release_Manager|Win32.Build.0 = Release_Unicode|Win32
		{ECEFD512-1335-4597-8326-4BBEFFC429DA}.Release_Unicode|Any CPU.ActiveCfg = Release_Unicode|Win32
		{ECEFD512-1335-4597-8326-4BBEFFC429DA}.Release_Unicode|Win32.ActiveCfg = Release_Unicode|Win32
		{ECEFD512-1335-4597-8326-4BBEFFC429DA}.Release_Unicode|Win32.Build.0 = Release_Unicode|Win32
		{ECEFD512-1335-4597-8326-4BBEFFC429DA}.Release|Any CPU.ActiveCfg = Release|Win32
		{ECEFD512-1335-4597-8326-4BBEFFC429DA}.Release|Win32.ActiveCfg = Release|Win32
		{ECEFD512-1335-4597-8326-4BBEFFC429DA}.Release|Win32.Build.0 = Release|Win32
		{ECEFD512-1335-4597-8326-4BBEFFC429DA}.ReleaseVD|Any CPU.ActiveCfg = Release_Unicode|Win32
		{ECEFD512-1335-4597-8326-4BBEFFC429DA}.ReleaseVD|Any CPU.Build.0 = Release_Unicode|Win32
		{ECEFD512-1335-4597-8326-4BBEFFC429DA}.ReleaseVD|Win32.ActiveCfg = Release_Unicode|Win32
		{ECEFD512-1335-4597-8326-4BBEFFC429DA}.ReleaseVD|Win32.Build.0 = Release_Unicode|Win32
		{1DA6CD23-9AFD-426B-B9CC-65AC90E977AA}.Debug_Unicode|Any CPU.ActiveCfg = Debug_Unicode|Win32
		{1DA6CD23-9AFD-426B-B9CC-65AC90E977AA}.Debug_Unicode|Win32.ActiveCfg = Debug_Unicode|Win32
		{1DA6CD23-9AFD-426B-B9CC-65AC90E977AA}.Debug_Unicode|Win32.Build.0 = Debug_Unicode|Win32
		{1DA6CD23-9AFD-426B-B9CC-65AC90E977AA}.Debug|Any CPU.ActiveCfg = Release_Unicode|Win32
		{1DA6CD23-9AFD-426B-B9CC-65AC90E977AA}.Debug|Any CPU.Build.0 = Release_Unicode|Win32
		{1DA6CD23-9AFD-426B-B9CC-65AC90E977AA}.Debug|Win32.ActiveCfg = Debug_Unicode|Win32
		{1DA6CD23-9AFD-426B-B9CC-65AC90E977AA}.Debug|Win32.Build.0 = Debug_Unicode|Win32
		{1DA6CD23-9AFD-426B-B9CC-65AC90E977AA}.DebugVD|Any CPU.ActiveCfg = Release_Unicode|Win32
		{1DA6CD23-9AFD-426B-B9CC-65AC90E977AA}.DebugVD|Any CPU.Build.0 = Release_Unicode|Win32
		{1DA6CD23-9AFD-426B-B9CC-65AC90E977AA}.DebugVD|Win32.ActiveCfg = Debug_Unicode|Win32
		{1DA6CD23-9AFD-426B-B9CC-65AC90E977AA}.DebugVD|Win32.Build.0 = Debug_Unicode|Win32
		{1DA6CD23-9AFD-426B-B9CC-65AC90E977AA}.Release_Manager|Any CPU.ActiveCfg = Release_Unicode|Win32
		{1DA6CD23-9AFD-426B-B9CC-65AC90E977AA}.Release_Manager|Any CPU.Build.0 = Release_Unicode|Win32
		{1DA6CD23-9AFD-426B-B9CC-65AC90E977AA}.Release_Manager|Win32.ActiveCfg = Release_Unicode|Win32
		{1DA6CD23-9AFD-426B-B9CC-65AC90E977AA}.Release_Manager|Win32.Build.0 = Release_Unicode|Win32
		{1DA6CD23-9AFD-426B-B9CC-65AC90E977AA}.Release_Unicode|Any CPU.ActiveCfg = Release_Unicode|Win32
		{1DA6CD23-9AFD-426B-B9CC-65AC90E977AA}.Release_Unicode|Win32.ActiveCfg = Release_Unicode|Win32
		{1DA6CD23-9AFD-426B-B9CC-65AC90E977AA}.Release_Unicode|Win32.Build.0 = Release_Unicode|Win32
		{1DA6CD23-9AFD-426B-B9CC-65AC90E977AA}.Release|Any CPU.ActiveCfg = Release_Unicode|Win32
		{1DA6CD23-9AFD-426B-B9CC-65AC90E977AA}.Release|Any CPU.Build.0 = Release_Unicode|Win32
		{1DA6CD23-9AFD-426B-B9CC-65AC90E977AA}.Release|Win32.ActiveCfg = Release_Unicode|Win32
		{1DA6CD23-9AFD-426B-B9CC-65AC90E977AA}.Release|Win32.Build.0 = Release_Unicode|Win32
		{1DA6CD23-9AFD-426B-B9CC-65AC90E977AA}.ReleaseVD|Any CPU.ActiveCfg = Release_Unicode|Win32
		{1DA6CD23-9AFD-426B-B9CC-65AC90E977AA}.ReleaseVD|Any CPU.Build.0 = Release_Unicode|Win32
		{1DA6CD23-9AFD-426B-B9CC-65AC90E977AA}.ReleaseVD|Win32.ActiveCfg = Release_Unicode|Win32
		{1DA6CD23-9AFD-426B-B9CC-65AC90E977AA}.ReleaseVD|Win32.Build.0 = Release_Unicode|Win32
		{EA1214A9-98A7-4951-9402-FCC51AED5F70}.Debug_Unicode|Any CPU.ActiveCfg = Debug_Unicode|Win32
		{EA1214A9-98A7-4951-9402-FCC51AED5F70}.Debug_Unicode|Win32.ActiveCfg = Debug_Unicode|Win32
		{EA1214A9-98A7-4951-9402-FCC51AED5F70}.Debug_Unicode|Win32.Build.0 = Debug_Unicode|Win32
		{EA1214A9-98A7-4951-9402-FCC51AED5F70}.Debug|Any CPU.ActiveCfg = Debug|Win32
		{EA1214A9-98A7-4951-9402-FCC51AED5F70}.Debug|Win32.ActiveCfg = Debug|Win32
		{EA1214A9-98A7-4951-9402-FCC51AED5F70}.Debug|Win32.Build.0 = Debug|Win32
		{EA1214A9-98A7-4951-9402-FCC51AED5F70}.DebugVD|Any CPU.ActiveCfg = Release_Unicode|Win32
		{EA1214A9-98A7-4951-9402-FCC51AED5F70}.DebugVD|Any CPU.Build.0 = Release_Unicode|Win32
		{EA1214A9-98A7-4951-9402-FCC51AED5F70}.DebugVD|Win32.ActiveCfg = Debug|Win32
		{EA1214A9-98A7-4951-9402-FCC51AED5F70}.DebugVD|Win32.Build.0 = Debug|Win32
		{EA1214A9-98A7-4951-9402-FCC51AED5F70}.Release_Manager|Any CPU.ActiveCfg = Release|Win32
		{EA1214A9-98A7-4951-9402-FCC51AED5F70}.Release_Manager|Any CPU.Build.0 = Release|Win32
		{EA1214A9-98A7-4951-9402-FCC51AED5F70}.Release_Manager|Win32.ActiveCfg = Release_Unicode|Win32
		{EA1214A9-98A7-4951-9402-FCC51AED5F70}.Release_Manager|Win32.Build.0 = Release_Unicode|Win32
		{EA1214A9-98A7-4951-9402-FCC51AED5F70}.Release_Unicode|Any CPU.ActiveCfg = Release_Unicode|Win32
		{EA1214A9-98A7-4951-9402-FCC51AED5F70}.Release_Unicode|Win32.ActiveCfg = Release_Unicode|Win32
		{EA1214A9-98A7-4951-9402-FCC51AED5F70}.Release_Unicode|Win32.Build.0 = Release_Unicode|Win32
		{EA1214A9-98A7-4951-9402-FCC51AED5F70}.Release|Any CPU.ActiveCfg = Release|Win32
		{EA1214A9-98A7-4951-9402-FCC51AED5F70}.Release|Win32.ActiveCfg = Release|Win32
		{EA1214A9-98A7-4951-9402-FCC51AED5F70}.Release|Win32.Build.0 = Release|Win32
		{EA1214A9-98A7-4951-9402-FCC51AED5F70}.ReleaseVD|Any CPU.ActiveCfg = Release_Unicode|Win32
		{EA1214A9-98A7-4951-9402-FCC51AED5F70}.ReleaseVD|Any CPU.Build.0 = Release_Unicode|Win32
		{EA1214A9-98A7-4951-9402-FCC51AED5F70}.ReleaseVD|Win32.ActiveCfg = Release_Unicode|Win32
		{EA1214A9-98A7-4951-9402-FCC51AED5F70}.ReleaseVD|Win32.Build.0 = Release_Unicode|Win32
		{D2DCD2DF-F137-4E5E-90CE-6DB4553C1DA9}.Debug_Unicode|Any CPU.ActiveCfg = Debug_Unicode|Win32
		{D2DCD2DF-F137-4E5E-90CE-6DB4553C1DA9}.Debug_Unicode|Win32.ActiveCfg = Debug_Unicode|Win32
		{D2DCD2DF-F137-4E5E-90CE-6DB4553C1DA9}.Debug_Unicode|Win32.Build.0 = Debug_Unicode|Win32
		{D2DCD2DF-F137-4E5E-90CE-6DB4553C1DA9}.Debug|Any CPU.ActiveCfg = Release_Unicode|Win32
		{D2DCD2DF-F137-4E5E-90CE-6DB4553C1DA9}.Debug|Any CPU.Build.0 = Release_Unicode|Win32
		{D2DCD2DF-F137-4E5E-90CE-6DB4553C1DA9}.Debug|Win32.ActiveCfg = Debug_Unicode|Win32
		{D2DCD2DF-F137-4E5E-90CE-6DB4553C1DA9}.Debug|Win32.Build.0 = Debug_Unicode|Win32
		{D2DCD2DF-F137-4E5E-90CE-6DB4553C1DA9}.DebugVD|Any CPU.ActiveCfg = Release_Unicode|Win32
		{D2DCD2DF-F137-4E5E-90CE-6DB4553C1DA9}.DebugVD|Any CPU.Build.0 = Release_Unicode|Win32
		{D2DCD2DF-F137-4E5E-90CE-6DB4553C1DA9}.DebugVD|Win32.ActiveCfg = Debug_Unicode|Win32
		{D2DCD2DF-F137-4E5E-90CE-6DB4553C1DA9}.DebugVD|Win32.Build.0 = Debug_Unicode|Win32
		{D2DCD2DF-F137-4E5E-90CE-6DB4553C1DA9}.Release_Manager|Any CPU.ActiveCfg = Release_Unicode|Win32
		{D2DCD2DF-F137-4E5E-90CE-6DB4553C1DA9}.Release_Manager|Any CPU.Build.0 = Release_Unicode|Win32
		{D2DCD2DF-F137-4E5E-90CE-6DB4553C1DA9}.Release_Manager|Win32.ActiveCfg = Release_Unicode|Win32
		{D2DCD2DF-F137-4E5E-90CE-6DB4553C1DA9}.Release_Manager|Win32.Build.0 = Release_Unicode|Win32
		{D2DCD2DF-F137-4E5E-90CE-6DB4553C1DA9}.Release_Unicode|Any CPU.ActiveCfg = Release_Unicode|Win32
		{D2DCD2DF-F137-4E5E-90CE-6DB4553C1DA9}.Release_Unicode|Win32.ActiveCfg = Release_Unicode|Win32
		{D2DCD2DF-F137-4E5E-90CE-6DB4553C1DA9}.Release_Unicode|Win32.Build.0 = Release_Unicode|Win32
		{D2DCD2DF-F137-4E5E-90CE-6DB4553C1DA9}.Release|Any CPU.ActiveCfg = Release_Unicode|Win32
		{D2DCD2DF-F137-4E5E-90CE-6DB4553C1DA9}.Release|Any CPU.Build.0 = Release_Unicode|Win32
		{D2DCD2DF-F137-4E5E-90CE-6DB4553C1DA9}.Release|Win32.ActiveCfg = Release_Unicode|Win32
		{D2DCD2DF-F137-4E5E-90CE-6DB4553C1DA9}.Release|Win32.Build.0 = Release_Unicode|Win32
		{D2DCD2DF-F137-4E5E-90CE-6DB4553C1DA9}.ReleaseVD|Any CPU.ActiveCfg = Release_Unicode|Win32
		{D2DCD2DF-F137-4E5E-90CE-6DB4553C1DA9}.ReleaseVD|Any CPU.Build.0 = Release_Unicode|Win32
		{D2DCD2DF-F137-4E5E-90CE-6DB4553C1DA9}.ReleaseVD|Win32.ActiveCfg = Release_Unicode|Win32
		{D2DCD2DF-F137-4E5E-90CE-6DB4553C1DA9}.ReleaseVD|Win32.Build.0 = Release_Unicode|Win32
		{AF49DFFD-106F-45D9-87B6-9E4D3A72CB5F}.Debug_Unicode|Any CPU.ActiveCfg = Debug_Unicode|Win32
		{AF49DFFD-106F-45D9-87B6-9E4D3A72CB5F}.Debug_Unicode|Win32.ActiveCfg = Debug_Unicode|Win32
		{AF49DFFD-106F-45D9-87B6-9E4D3A72CB5F}.Debug_Unicode|Win32.Build.0 = Debug_Unicode|Win32
		{AF49DFFD-106F-45D9-87B6-9E4D3A72CB5F}.Debug|Any CPU.ActiveCfg = Debug|Win32
		{AF49DFFD-106F-45D9-87B6-9E4D3A72CB5F}.Debug|Win32.ActiveCfg = Debug|Win32
		{AF49DFFD-106F-45D9-87B6-9E4D3A72CB5F}.Debug|Win32.Build.0 = Debug|Win32
		{AF49DFFD-106F-45D9-87B6-9E4D3A72CB5F}.DebugVD|Any CPU.ActiveCfg = Debug|Win32
		{AF49DFFD-106F-45D9-87B6-9E4D3A72CB5F}.DebugVD|Win32.ActiveCfg = Debug|Win32
		{AF49DFFD-106F-45D9-87B6-9E4D3A72CB5F}.DebugVD|Win32.Build.0 = Debug|Win32
		{AF49DFFD-106F-45D9-87B6-9E4D3A72CB5F}.Release_Manager|Any CPU.ActiveCfg = Release_Unicode|Win32
		{AF49DFFD-106F-45D9-87B6-9E4D3A72CB5F}.Release_Manager|Win32.ActiveCfg = Release_Unicode|Win32
		{AF49DFFD-106F-45D9-87B6-9E4D3A72CB5F}.Release_Manager|Win32.Build.0 = Release_Unicode|Win32
		{AF49DFFD-106F-45D9-87B6-9E4D3A72CB5F}.Release_Unicode|Any CPU.ActiveCfg = Release_Unicode|Win32
		{AF49DFFD-106F-45D9-87B6-9E4D3A72CB5F}.Release_Unicode|Win32.ActiveCfg = Release_Unicode|Win32
		{AF49DFFD-106F-45D9-87B6-9E4D3A72CB5F}.Release_Unicode|Win32.Build.0 = Release_Unicode|Win32
		{AF49DFFD-106F-45D9-87B6-9E4D3A72CB5F}.Release|Any CPU.ActiveCfg = Release|Win32
		{AF49DFFD-106F-45D9-87B6-9E4D3A72CB5F}.Release|Win32.ActiveCfg = Release|Win32
		{AF49DFFD-106F-45D9-87B6-9E4D3A72CB5F}.Release|Win32.Build.0 = Release|Win32
		{AF49DFFD-106F-45D9-87B6-9E4D3A72CB5F}.ReleaseVD|Any CPU.ActiveCfg = Release|Win32
		{AF49DFFD-106F-45D9-87B6-9E4D3A72CB5F}.ReleaseVD|Win32.ActiveCfg = Release|Win32
		{AF49DFFD-106F-45D9-87B6-9E4D3A72CB5F}.ReleaseVD|Win32.Build.0 = Release|Win32
		{10AC72C9-82A7-4C08-8FF2-27730D76518D}.Debug_Unicode|Any CPU.ActiveCfg = Debug_Unicode|Win32
		{10AC72C9-82A7-4C08-8FF2-27730D76518D}.Debug_Unicode|Win32.ActiveCfg = Debug_Unicode|Win32
		{10AC72C9-82A7-4C08-8FF2-27730D76518D}.Debug_Unicode|Win32.Build.0 = Debug_Unicode|Win32
		{10AC72C9-82A7-4C08-8FF2-27730D76518D}.Debug|Any CPU.ActiveCfg = Debug|Win32
		{10AC72C9-82A7-4C08-8FF2-27730D76518D}.Debug|Win32.ActiveCfg = Debug|Win32
		{10AC72C9-82A7-4C08-8FF2-27730D76518D}.Debug|Win32.Build.0 = Debug|Win32
		{10AC72C9-82A7-4C08-8FF2-27730D76518D}.DebugVD|Any CPU.ActiveCfg = Debug|Win32
		{10AC72C9-82A7-4C08-8FF2-27730D76518D}.DebugVD|Win32.ActiveCfg = Debug|Win32
		{10AC72C9-82A7-4C08-8FF2-27730D76518D}.DebugVD|Win32.Build.0 = Debug|Win32
		{10AC72C9-82A7-4C08-8FF2-27730D76518D}.Release_Manager|Any CPU.ActiveCfg = Release_Unicode|Win32
		{10AC72C9-82A7-4C08-8FF2-27730D76518D}.Release_Manager|Win32.ActiveCfg = Release_Unicode|Win32
		{10AC72C9-82A7-4C08-8FF2-27730D76518D}.Release_Manager|Win32.Build.0 = Release_Unicode|Win32
		{10AC72C9-82A7-4C08-8FF2-27730D76518D}.Release_Unicode|Any CPU.ActiveCfg = Release_Unicode|Win32
		{10AC72C9-82A7-4C08-8FF2-27730D76518D}.Release_Unicode|Win32.ActiveCfg = Release_Unicode|Win32
		{10AC72C9-82A7-4C08-8FF2-27730D76518D}.Release_Unicode|Win32.Build.0 = Release_Unicode|Win32
		{10AC72C9-82A7-4C08-8FF2-27730D76518D}.Release|Any CPU.ActiveCfg = Release|Win32
		{10AC72C9-82A7-4C08-8FF2-27730D76518D}.Release|Win32.ActiveCfg = Release|Win32
		{10AC72C9-82A7-4C08-8FF2-27730D76518D}.Release|Win32.Build.0 = Release|Win32
		{10AC72C9-82A7-4C08-8FF2-27730D76518D}.ReleaseVD|Any CPU.ActiveCfg = Release|Win32
		{10AC72C9-82A7-4C08-8FF2-27730D76518D}.ReleaseVD|Win32.ActiveCfg = Release|Win32
		{10AC72C9-82A7-4C08-8FF2-27730D76518D}.ReleaseVD|Win32.Build.0 = Release|Win32
		{CC596332-197E-407B-95F3-CB817470ED84}.Debug_Unicode|Any CPU.ActiveCfg = Debug_Unicode|Win32
		{CC596332-197E-407B-95F3-CB817470ED84}.Debug_Unicode|Win32.ActiveCfg = Debug_Unicode|Win32
		{CC596332-197E-407B-95F3-CB817470ED84}.Debug_Unicode|Win32.Build.0 = Debug_Unicode|Win32
		{CC596332-197E-407B-95F3-CB817470ED84}.Debug|Any CPU.ActiveCfg = Debug|Win32
		{CC596332-197E-407B-95F3-CB817470ED84}.Debug|Win32.ActiveCfg = Debug|Win32
		{CC596332-197E-407B-95F3-CB817470ED84}.Debug|Win32.Build.0 = Debug|Win32
		{CC596332-197E-407B-95F3-CB817470ED84}.DebugVD|Any CPU.ActiveCfg = Debug|Win32
		{CC596332-197E-407B-95F3-CB817470ED84}.DebugVD|Win32.ActiveCfg = Debug|Win32
		{CC596332-197E-407B-95F3-CB817470ED84}.DebugVD|Win32.Build.0 = Debug|Win32
		{CC596332-197E-407B-95F3-CB817470ED84}.Release_Manager|Any CPU.ActiveCfg = Release_Unicode|Win32
		{CC596332-197E-407B-95F3-CB817470ED84}.Release_Manager|Win32.ActiveCfg = Release_Unicode|Win32
		{CC596332-197E-407B-95F3-CB817470ED84}.Release_Manager|Win32.Build.0 = Release_Unicode|Win32
		{CC596332-197E-407B-95F3-CB817470ED84}.Release_Unicode|Any CPU.ActiveCfg = Release_Unicode|Win32
		{CC596332-197E-407B-95F3-CB817470ED84}.Release_Unicode|Win32.ActiveCfg = Release_Unicode|Win32
		{CC596332-197E-407B-95F3-CB817470ED84}.Release_Unicode|Win32.Build.0 = Release_Unicode|Win32
		{CC596332-197E-407B-95F3-CB817470ED84}.Release|Any CPU.ActiveCfg = Release|Win32
		{CC596332-197E-407B-95F3-CB817470ED84}.Release|Win32.ActiveCfg = Release|Win32
		{CC596332-197E-407B-95F3-CB817470ED84}.Release|Win32.Build.0 = Release|Win32
		{CC596332-197E-407B-95F3-CB817470ED84}.ReleaseVD|Any CPU.ActiveCfg = Release|Win32
		{CC596332-197E-407B-95F3-CB817470ED84}.ReleaseVD|Win32.ActiveCfg = Release|Win32
		{CC596332-197E-407B-95F3-CB817470ED84}.ReleaseVD|Win32.Build.0 = Release|Win32
		{1C61C04D-78D3-4946-A446-099F68F9E4C6}.Debug_Unicode|Any CPU.ActiveCfg = Debug_Unicode|Win32
		{1C61C04D-78D3-4946-A446-099F68F9E4C6}.Debug_Unicode|Win32.ActiveCfg = Debug_Unicode|Win32
		{1C61C04D-78D3-4946-A446-099F68F9E4C6}.Debug_Unicode|Win32.Build.0 = Debug_Unicode|Win32
		{1C61C04D-78D3-4946-A446-099F68F9E4C6}.Debug|Any CPU.ActiveCfg = Debug|Win32
		{1C61C04D-78D3-4946-A446-099F68F9E4C6}.Debug|Win32.ActiveCfg = Debug|Win32
		{1C61C04D-78D3-4946-A446-099F68F9E4C6}.Debug|Win32.Build.0 = Debug|Win32
		{1C61C04D-78D3-4946-A446-099F68F9E4C6}.DebugVD|Any CPU.ActiveCfg = Debug|Win32
		{1C61C04D-78D3-4946-A446-099F68F9E4C6}.DebugVD|Win32.ActiveCfg = Debug|Win32
		{1C61C04D-78D3-4946-A446-099F68F9E4C6}.DebugVD|Win32.Build.0 = Debug|Win32
		{1C61C04D-78D3-4946-A446-099F68F9E4C6}.Release_Manager|Any CPU.ActiveCfg = Release_Unicode|Win32
		{1C61C04D-78D3-4946-A446-099F68F9E4C6}.Release_Manager|Win32.ActiveCfg = Release_Unicode|Win32
		{1C61C04D-78D3-4946-A446-099F68F9E4C6}.Release_Manager|Win32.Build.0 = Release_Unicode|Win32
		{1C61C04D-78D3-4946-A446-099F68F9E4C6}.Release_Unicode|Any CPU.ActiveCfg = Release_Unicode|Win32
		{1C61C04D-78D3-4946-A446-099F68F9E4C6}.Release_Unicode|Win32.ActiveCfg = Release_Unicode|Win32
		{1C61C04D-78D3-4946-A446-099F68F9E4C6}.Release_Unicode|Win32.Build.0 = Release_Unicode|Win32
		{1C61C04D-78D3-4946-A446-099F68F9E4C6}.Release|Any CPU.ActiveCfg = Release|Win32
		{1C61C04D-78D3-4946-A446-099F68F9E4C6}.Release|Win32.ActiveCfg = Release|Win32
		{1C61C04D-78D3-4946-A446-099F68F9E4C6}.Release|Win32.Build.0 = Release|Win32
		{1C61C04D-78D3-4946-A446-099F68F9E4C6}.ReleaseVD|Any CPU.ActiveCfg = Release|Win32
		{1C61C04D-78D3-4946-A446-099F68F9E4C6}.ReleaseVD|Win32.ActiveCfg = Release|Win32
		{1C61C04D-78D3-4946-A446-099F68F9E4C6}.ReleaseVD|Win32.Build.0 = Release|Win32
		{A8E64F0B-3137-4993-A512-22CC787F7627}.Debug_Unicode|Any CPU.ActiveCfg = Debug_Unicode|Win32
		{A8E64F0B-3137-4993-A512-22CC787F7627}.Debug_Unicode|Win32.ActiveCfg = Debug_Unicode|Win32
		{A8E64F0B-3137-4993-A512-22CC787F7627}.Debug_Unicode|Win32.Build.0 = Debug_Unicode|Win32
		{A8E64F0B-3137-4993-A512-22CC787F7627}.Debug|Any CPU.ActiveCfg = Debug|Win32
		{A8E64F0B-3137-4993-A512-22CC787F7627}.Debug|Win32.ActiveCfg = Debug|Win32
		{A8E64F0B-3137-4993-A512-22CC787F7627}.Debug|Win32.Build.0 = Debug|Win32
		{A8E64F0B-3137-4993-A512-22CC787F7627}.DebugVD|Any CPU.ActiveCfg = Debug|Win32
		{A8E64F0B-3137-4993-A512-22CC787F7627}.DebugVD|Win32.ActiveCfg = Debug|Win32
		{A8E64F0B-3137-4993-A512-22CC787F7627}.DebugVD|Win32.Build.0 = Debug|Win32
		{A8E64F0B-3137-4993-A512-22CC787F7627}.Release_Manager|Any CPU.ActiveCfg = Release_Unicode|Win32
		{A8E64F0B-3137-4993-A512-22CC787F7627}.Release_Manager|Win32.ActiveCfg = Release_Unicode|Win32
		{A8E64F0B-3137-4993-A512-22CC787F7627}.Release_Manager|Win32.Build.0 = Release_Unicode|Win32
		{A8E64F0B-3137-4993-A512-22CC787F7627}.Release_Unicode|Any CPU.ActiveCfg = Release_Unicode|Win32
		{A8E64F0B-3137-4993-A512-22CC787F7627}.Release_Unicode|Win32.ActiveCfg = Release_Unicode|Win32
		{A8E64F0B-3137-4993-A512-22CC787F7627}.Release_Unicode|Win32.Build.0 = Release_Unicode|Win32
		{A8E64F0B-3137-4993-A512-22CC787F7627}.Release|Any CPU.ActiveCfg = Release|Win32
		{A8E64F0B-3137-4993-A512-22CC787F7627}.Release|Win32.ActiveCfg = Release|Win32
		{A8E64F0B-3137-4993-A512-22CC787F7627}.Release|Win32.Build.0 = Release|Win32
		{A8E64F0B-3137-4993-A512-22CC787F7627}.ReleaseVD|Any CPU.ActiveCfg = Release|Win32
		{A8E64F0B-3137-4993-A512-22CC787F7627}.ReleaseVD|Win32.ActiveCfg = Release|Win32
		{A8E64F0B-3137-4993-A512-22CC787F7627}.ReleaseVD|Win32.Build.0 = Release|Win32
		{114CBDD7-613F-4BFE-97AF-9460CC1148ED}.Debug_Unicode|Any CPU.ActiveCfg = Debug_Unicode|Win32
		{114CBDD7-613F-4BFE-97AF-9460CC1148ED}.Debug_Unicode|Win32.ActiveCfg = Debug_Unicode|Win32
		{114CBDD7-613F-4BFE-97AF-9460CC1148ED}.Debug_Unicode|Win32.Build.0 = Debug_Unicode|Win32
		{114CBDD7-613F-4BFE-97AF-9460CC1148ED}.Debug|Any CPU.ActiveCfg = Debug|Win32
		{114CBDD7-613F-4BFE-97AF-9460CC1148ED}.Debug|Win32.ActiveCfg = Debug|Win32
		{114CBDD7-613F-4BFE-97AF-9460CC1148ED}.Debug|Win32.Build.0 = Debug|Win32
		{114CBDD7-613F-4BFE-97AF-9460CC1148ED}.DebugVD|Any CPU.ActiveCfg = Debug|Win32
		{114CBDD7-613F-4BFE-97AF-9460CC1148ED}.DebugVD|Win32.ActiveCfg = Debug|Win32
		{114CBDD7-613F-4BFE-97AF-9460CC1148ED}.DebugVD|Win32.Build.0 = Debug|Win32
		{114CBDD7-613F-4BFE-97AF-9460CC1148ED}.Release_Manager|Any CPU.ActiveCfg = Release_Unicode|Win32
		{114CBDD7-613F-4BFE-97AF-9460CC1148ED}.Release_Manager|Win32.ActiveCfg = Release_Unicode|Win32
		{114CBDD7-613F-4BFE-97AF-9460CC1148ED}.Release_Manager|Win32.Build.0 = Release_Unicode|Win32
		{114CBDD7-613F-4BFE-97AF-9460CC1148ED}.Release_Unicode|Any CPU.ActiveCfg = Release_Unicode|Win32
		{114CBDD7-613F-4BFE-97AF-9460CC1148ED}.Release_Unicode|Win32.ActiveCfg = Release_Unicode|Win32
		{114CBDD7-613F-4BFE-97AF-9460CC1148ED}.Release_Unicode|Win32.Build.0 = Release_Unicode|Win32
		{114CBDD7-613F-4BFE-97AF-9460CC1148ED}.Release|Any CPU.ActiveCfg = Release|Win32
		{114CBDD7-613F-4BFE-97AF-9460CC1148ED}.Release|Win32.ActiveCfg = Release|Win32
		{114CBDD7-613F-4BFE-97AF-9460CC1148ED}.Release|Win32.Build.0 = Release|Win32
		{114CBDD7-613F-4BFE-97AF-9460CC1148ED}.ReleaseVD|Any CPU.ActiveCfg = Release|Win32
		{114CBDD7-613F-4BFE-97AF-9460CC1148ED}.ReleaseVD|Win32.ActiveCfg = Release|Win32
		{114CBDD7-613F-4BFE-97AF-9460CC1148ED}.ReleaseVD|Win32.Build.0 = Release|Win32
		{A90EA9DE-DC81-4151-B19D-1DF88D5B189E}.Debug_Unicode|Any CPU.ActiveCfg = Debug_Unicode|Win32
		{A90EA9DE-DC81-4151-B19D-1DF88D5B189E}.Debug_Unicode|Win32.ActiveCfg = Debug_Unicode|Win32
		{A90EA9DE-DC81-4151-B19D-1DF88D5B189E}.Debug_Unicode|Win32.Build.0 = Debug_Unicode|Win32
		{A90EA9DE-DC81-4151-B19D-1DF88D5B189E}.Debug|Any CPU.ActiveCfg = Debug|Win32
		{A90EA9DE-DC81-4151-B19D-1DF88D5B189E}.Debug|Win32.ActiveCfg = Debug|Win32
		{A90EA9DE-DC81-4151-B19D-1DF88D5B189E}.Debug|Win32.Build.0 = Debug|Win32
		{A90EA9DE-DC81-4151-B19D-1DF88D5B189E}.DebugVD|Any CPU.ActiveCfg = Debug|Win32
		{A90EA9DE-DC81-4151-B19D-1DF88D5B189E}.DebugVD|Win32.ActiveCfg = Debug|Win32
		{A90EA9DE-DC81-4151-B19D-1DF88D5B189E}.DebugVD|Win32.Build.0 = Debug|Win32
		{A90EA9DE-DC81-4151-B19D-1DF88D5B189E}.Release_Manager|Any CPU.ActiveCfg = Release_Unicode|Win32
		{A90EA9DE-DC81-4151-B19D-1DF88D5B189E}.Release_Manager|Win32.ActiveCfg = Release_Unicode|Win32
		{A90EA9DE-DC81-4151-B19D-1DF88D5B189E}.Release_Manager|Win32.Build.0 = Release_Unicode|Win32
		{A90EA9DE-DC81-4151-B19D-1DF88D5B189E}.Release_Unicode|Any CPU.ActiveCfg = Release_Unicode|Win32
		{A90EA9DE-DC81-4151-B19D-1DF88D5B189E}.Release_Unicode|Win32.ActiveCfg = Release_Unicode|Win32
		{A90EA9DE-DC81-4151-B19D-1DF88D5B189E}.Release_Unicode|Win32.Build.0 = Release_Unicode|Win32
		{A90EA9DE-DC81-4151-B19D-1DF88D5B189E}.Release|Any CPU.ActiveCfg = Release|Win32
		{A90EA9DE-DC81-4151-B19D-1DF88D5B189E}.Release|Win32.ActiveCfg = Release|Win32
		{A90EA9DE-DC81-4151-B19D-1DF88D5B189E}.Release|Win32.Build.0 = Release|Win32
		{A90EA9DE-DC81-4151-B19D-1DF88D5B189E}.ReleaseVD|Any CPU.ActiveCfg = Release|Win32
		{A90EA9DE-DC81-4151-B19D-1DF88D5B189E}.ReleaseVD|Win32.ActiveCfg = Release|Win32
		{A90EA9DE-DC81-4151-B19D-1DF88D5B189E}.ReleaseVD|Win32.Build.0 = Release|Win32
		{44CBB750-E895-4BDB-8A7A-5B8F009AABDE}.Debug_Unicode|Any CPU.ActiveCfg = Debug_Unicode|Win32
		{44CBB750-E895-4BDB-8A7A-5B8F009AABDE}.Debug_Unicode|Win32.ActiveCfg = Debug_Unicode|Win32
		{44CBB750-E895-4BDB-8A7A-5B8F009AABDE}.Debug_Unicode|Win32.Build.0 = Debug_Unicode|Win32
		{44CBB750-E895-4BDB-8A7A-5B8F009AABDE}.Debug|Any CPU.ActiveCfg = Debug|Win32
		{44CBB750-E895-4BDB-8A7A-5B8F009AABDE}.Debug|Win32.ActiveCfg = Debug|Win32
		{44CBB750-E895-4BDB-8A7A-5B8F009AABDE}.Debug|Win32.Build.0 = Debug|Win32
		{44CBB750-E895-4BDB-8A7A-5B8F009AABDE}.DebugVD|Any CPU.ActiveCfg = Debug|Win32
		{44CBB750-E895-4BDB-8A7A-5B8F009AABDE}.DebugVD|Win32.ActiveCfg = Debug|Win32
		{44CBB750-E895-4BDB-8A7A-5B8F009AABDE}.DebugVD|Win32.Build.0 = Debug|Win32
		{44CBB750-E895-4BDB-8A7A-5B8F009AABDE}.Release_Manager|Any CPU.ActiveCfg = Release_Unicode|Win32
		{44CBB750-E895-4BDB-8A7A-5B8F009AABDE}.Release_Manager|Win32.ActiveCfg = Release_Unicode|Win32
		{44CBB750-E895-4BDB-8A7A-5B8F009AABDE}.Release_Manager|Win32.Build.0 = Release_Unicode|Win32
		{44CBB750-E895-4BDB-8A7A-5B8F009AABDE}.Release_Unicode|Any CPU.ActiveCfg = Release_Unicode|Win32
		{44CBB750-E895-4BDB-8A7A-5B8F009AABDE}.Release_Unicode|Win32.ActiveCfg = Release_Unicode|Win32
		{44CBB750-E895-4BDB-8A7A-5B8F009AABDE}.Release_Unicode|Win32.Build.0 = Release_Unicode|Win32
		{44CBB750-E895-4BDB-8A7A-5B8F009AABDE}.Release|Any CPU.ActiveCfg = Release|Win32
		{44CBB750-E895-4BDB-8A7A-5B8F009AABDE}.Release|Win32.ActiveCfg = Release|Win32
		{44CBB750-E895-4BDB-8A7A-5B8F009AABDE}.Release|Win32.Build.0 = Release|Win32
		{44CBB750-E895-4BDB-8A7A-5B8F009AABDE}.ReleaseVD|Any CPU.ActiveCfg = Release|Win32
		{44CBB750-E895-4BDB-8A7A-5B8F009AABDE}.ReleaseVD|Win32.ActiveCfg = Release|Win32
		{44CBB750-E895-4BDB-8A7A-5B8F009AABDE}.ReleaseVD|Win32.Build.0 = Release|Win32
		{6D2C97FD-5E1A-4489-90F8-EA0BC53486E0}.Debug_Unicode|Any CPU.ActiveCfg = Debug_Unicode|Win32
		{6D2C97FD-5E1A-4489-90F8-EA0BC53486E0}.Debug_Unicode|Win32.ActiveCfg = Debug_Unicode|Win32
		{6D2C97FD-5E1A-4489-90F8-EA0BC53486E0}.Debug_Unicode|Win32.Build.0 = Debug_Unicode|Win32
		{6D2C97FD-5E1A-4489-90F8-EA0BC53486E0}.Debug|Any CPU.ActiveCfg = Debug|Win32
		{6D2C97FD-5E1A-4489-90F8-EA0BC53486E0}.Debug|Win32.ActiveCfg = Debug|Win32
		{6D2C97FD-5E1A-4489-90F8-EA0BC53486E0}.Debug|Win32.Build.0 = Debug|Win32
		{6D2C97FD-5E1A-4489-90F8-EA0BC53486E0}.DebugVD|Any CPU.ActiveCfg = Debug|Win32
		{6D2C97FD-5E1A-4489-90F8-EA0BC53486E0}.DebugVD|Win32.ActiveCfg = Debug|Win32
		{6D2C97FD-5E1A-4489-90F8-EA0BC53486E0}.DebugVD|Win32.Build.0 = Debug|Win32
		{6D2C97FD-5E1A-4489-90F8-EA0BC53486E0}.Release_Manager|Any CPU.ActiveCfg = Release_Unicode|Win32
		{6D2C97FD-5E1A-4489-90F8-EA0BC53486E0}.Release_Manager|Win32.ActiveCfg = Release_Unicode|Win32
		{6D2C97FD-5E1A-4489-90F8-EA0BC53486E0}.Release_Manager|Win32.Build.0 = Release_Unicode|Win32
		{6D2C97FD-5E1A-4489-90F8-EA0BC53486E0}.Release_Unicode|Any CPU.ActiveCfg = Release_Unicode|Win32
		{6D2C97FD-5E1A-4489-90F8-EA0BC53486E0}.Release_Unicode|Win32.ActiveCfg = Release_Unicode|Win32
		{6D2C97FD-5E1A-4489-90F8-EA0BC53486E0}.Release_Unicode|Win32.Build.0 = Release_Unicode|Win32
		{6D2C97FD-5E1A-4489-90F8-EA0BC53486E0}.Release|Any CPU.ActiveCfg = Release|Win32
		{6D2C97FD-5E1A-4489-90F8-EA0BC53486E0}.Release|Win32.ActiveCfg = Release|Win32
		{6D2C97FD-5E1A-4489-90F8-EA0BC53486E0}.Release|Win32.Build.0 = Release|Win32
		{6D2C97FD-5E1A-4489-90F8-EA0BC53486E0}.ReleaseVD|Any CPU.ActiveCfg = Release|Win32
		{6D2C97FD-5E1A-4489-90F8-EA0BC53486E0}.ReleaseVD|Win32.ActiveCfg = Release|Win32
		{6D2C97FD-5E1A-4489-90F8-EA0BC53486E0}.ReleaseVD|Win32.Build.0 = Release|Win32
		{E8BB4ED2-44D1-4541-A6B4-C05C201FB856}.Debug_Unicode|Any CPU.ActiveCfg = Debug_Unicode|Win32
		{E8BB4ED2-44D1-4541-A6B4-C05C201FB856}.Debug_Unicode|Win32.ActiveCfg = Debug_Unicode|Win32
		{E8BB4ED2-44D1-4541-A6B4-C05C201FB856}.Debug_Unicode|Win32.Build.0 = Debug_Unicode|Win32
		{E8BB4ED2-44D1-4541-A6B4-C05C201FB856}.Debug|Any CPU.ActiveCfg = Debug|Win32
		{E8BB4ED2-44D1-4541-A6B4-C05C201FB856}.Debug|Win32.ActiveCfg = Debug|Win32
		{E8BB4ED2-44D1-4541-A6B4-C05C201FB856}.Debug|Win32.Build.0 = Debug|Win32
		{E8BB4ED2-44D1-4541-A6B4-C05C201FB856}.DebugVD|Any CPU.ActiveCfg = Debug|Win32
		{E8BB4ED2-44D1-4541-A6B4-C05C201FB856}.DebugVD|Win32.ActiveCfg = Debug|Win32
		{E8BB4ED2-44D1-4541-A6B4-C05C201FB856}.DebugVD|Win32.Build.0 = Debug|Win32
		{E8BB4ED2-44D1-4541-A6B4-C05C201FB856}.Release_Manager|Any CPU.ActiveCfg = Release_Unicode|Win32
		{E8BB4ED2-44D1-4541-A6B4-C05C201FB856}.Release_Manager|Win32.ActiveCfg = Release_Unicode|Win32
		{E8BB4ED2-44D1-4541-A6B4-C05C201FB856}.Release_Manager|Win32.Build.0 = Release_Unicode|Win32
		{E8BB4ED2-44D1-4541-A6B4-C05C201FB856}.Release_Unicode|Any CPU.ActiveCfg = Release_Unicode|Win32
		{E8BB4ED2-44D1-4541-A6B4-C05C201FB856}.Release_Unicode|Win32.ActiveCfg = Release_Unicode|Win32
		{E8BB4ED2-44D1-4541-A6B4-C05C201FB856}.Release_Unicode|Win32.Build.0 = Release_Unicode|Win32
		{E8BB4ED2-44D1-4541-A6B4-C05C201FB856}.Release|Any CPU.ActiveCfg = Release|Win32
		{E8BB4ED2-44D1-4541-A6B4-C05C201FB856}.Release|Win32.ActiveCfg = Release|Win32
		{E8BB4ED2-44D1-4541-A6B4-C05C201FB856}.Release|Win32.Build.0 = Release|Win32
		{E8BB4ED2-44D1-4541-A6B4-C05C201FB856}.ReleaseVD|Any CPU.ActiveCfg = Release|Win32
		{E8BB4ED2-44D1-4541-A6B4-C05C201FB856}.ReleaseVD|Win32.ActiveCfg = Release|Win32
		{E8BB4ED2-44D1-4541-A6B4-C05C201FB856}.ReleaseVD|Win32.Build.0 = Release|Win32
		{4A3E5E93-A227-426F-8E6F-F588B9CA87B5}.Debug_Unicode|Any CPU.ActiveCfg = Debug_Unicode|Win32
		{4A3E5E93-A227-426F-8E6F-F588B9CA87B5}.Debug_Unicode|Win32.ActiveCfg = Debug_Unicode|Win32
		{4A3E5E93-A227-426F-8E6F-F588B9CA87B5}.Debug_Unicode|Win32.Build.0 = Debug_Unicode|Win32
		{4A3E5E93-A227-426F-8E6F-F588B9CA87B5}.Debug|Any CPU.ActiveCfg = Debug|Win32
		{4A3E5E93-A227-426F-8E6F-F588B9CA87B5}.Debug|Win32.ActiveCfg = Debug|Win32
		{4A3E5E93-A227-426F-8E6F-F588B9CA87B5}.Debug|Win32.Build.0 = Debug|Win32
		{4A3E5E93-A227-426F-8E6F-F588B9CA87B5}.DebugVD|Any CPU.ActiveCfg = Debug|Win32
		{4A3E5E93-A227-426F-8E6F-F588B9CA87B5}.DebugVD|Win32.ActiveCfg = Debug|Win32
		{4A3E5E93-A227-426F-8E6F-F588B9CA87B5}.DebugVD|Win32.Build.0 = Debug|Win32
		{4A3E5E93-A227-426F-8E6F-F588B9CA87B5}.Release_Manager|Any CPU.ActiveCfg = Release_Unicode|Win32
		{4A3E5E93-A227-426F-8E6F-F588B9CA87B5}.Release_Manager|Win32.ActiveCfg = Release_Unicode|Win32
		{4A3E5E93-A227-426F-8E6F-F588B9CA87B5}.Release_Manager|Win32.Build.0 = Release_Unicode|Win32
		{4A3E5E93-A227-426F-8E6F-F588B9CA87B5}.Release_Unicode|Any CPU.ActiveCfg = Release_Unicode|Win32
		{4A3E5E93-A227-426F-8E6F-F588B9CA87B5}.Release_Unicode|Win32.ActiveCfg = Release_Unicode|Win32
		{4A3E5E93-A227-426F-8E6F-F588B9CA87B5}.Release_Unicode|Win32.Build.0 = Release_Unicode|Win32
		{4A3E5E93-A227-426F-8E6F-F588B9CA87B5}.Release|Any CPU.ActiveCfg = Release|Win32
		{4A3E5E93-A227-426F-8E6F-F588B9CA87B5}.Release|Win32.ActiveCfg = Release|Win32
		{4A3E5E93-A227-426F-8E6F-F588B9CA87B5}.Release|Win32.Build.0 = Release|Win32
		{4A3E5E93-A227-426F-8E6F-F588B9CA87B5}.ReleaseVD|Any CPU.ActiveCfg = Release|Win32
		{4A3E5E93-A227-426F-8E6F-F588B9CA87B5}.ReleaseVD|Win32.ActiveCfg = Release|Win32
		{4A3E5E93-A227-426F-8E6F-F588B9CA87B5}.ReleaseVD|Win32.Build.0 = Release|Win32
		{AC6A2927-5746-4A84-9E30-DFFE0722833B}.Debug_Unicode|Any CPU.ActiveCfg = Debug_Unicode|Win32
		{AC6A2927-5746-4A84-9E30-DFFE0722833B}.Debug_Unicode|Win32.ActiveCfg = Debug_Unicode|Win32
		{AC6A2927-5746-4A84-9E30-DFFE0722833B}.Debug_Unicode|Win32.Build.0 = Debug_Unicode|Win32
		{AC6A2927-5746-4A84-9E30-DFFE0722833B}.Debug|Any CPU.ActiveCfg = Debug|Win32
		{AC6A2927-5746-4A84-9E30-DFFE0722833B}.Debug|Win32.ActiveCfg = Debug|Win32
		{AC6A2927-5746-4A84-9E30-DFFE0722833B}.Debug|Win32.Build.0 = Debug|Win32
		{AC6A2927-5746-4A84-9E30-DFFE0722833B}.DebugVD|Any CPU.ActiveCfg = Debug|Win32
		{AC6A2927-5746-4A84-9E30-DFFE0722833B}.DebugVD|Win32.ActiveCfg = Debug|Win32
		{AC6A2927-5746-4A84-9E30-DFFE0722833B}.DebugVD|Win32.Build.0 = Debug|Win32
		{AC6A2927-5746-4A84-9E30-DFFE0722833B}.Release_Manager|Any CPU.ActiveCfg = Release_Unicode|Win32
		{AC6A2927-5746-4A84-9E30-DFFE0722833B}.Release_Manager|Win32.ActiveCfg = Release_Unicode|Win32
		{AC6A2927-5746-4A84-9E30-DFFE0722833B}.Release_Manager|Win32.Build.0 = Release_Unicode|Win32
		{AC6A2927-5746-4A84-9E30-DFFE0722833B}.Release_Unicode|Any CPU.ActiveCfg = Release_Unicode|Win32
		{AC6A2927-5746-4A84-9E30-DFFE0722833B}.Release_Unicode|Win32.ActiveCfg = Release_Unicode|Win32
		{AC6A2927-5746-4A84-9E30-DFFE0722833B}.Release_Unicode|Win32.Build.0 = Release_Unicode|Win32
		{AC6A2927-5746-4A84-9E30-DFFE0722833B}.Release|Any CPU.ActiveCfg = Release|Win32
		{AC6A2927-5746-4A84-9E30-DFFE0722833B}.Release|Win32.ActiveCfg = Release|Win32
		{AC6A2927-5746-4A84-9E30-DFFE0722833B}.Release|Win32.Build.0 = Release|Win32
		{AC6A2927-5746-4A84-9E30-DFFE0722833B}.ReleaseVD|Any CPU.ActiveCfg = Release|Win32
		{AC6A2927-5746-4A84-9E30-DFFE0722833B}.ReleaseVD|Win32.ActiveCfg = Release|Win32
		{AC6A2927-5746-4A84-9E30-DFFE0722833B}.ReleaseVD|Win32.Build.0 = Release|Win32
	EndGlobalSection
	GlobalSection(SolutionProperties) = preSolution
		HideSolutionNode = FALSE
	EndGlobalSection
	GlobalSection(DPCodeReviewSolutionGUID) = preSolution
		DPCodeReviewSolutionGUID = {00000000-0000-0000-0000-000000000000}
	EndGlobalSection
EndGlobal
